
Microsoft Visual Studio Solution File, Format Version 12.00
# Visual Studio Version 17
VisualStudioVersion = 17.7.34031.279
MinimumVisualStudioVersion = 10.0.40219.1
Project("{FAE04EC0-301F-11D3-BF4B-00C04F79EFBC}") = "ProjetoPilha", "ProjetoPilha\ProjetoPilha.csproj", "{ED77F3EC-24D1-42FD-8E50-641D1BFA930E}"
EndProject
Global
	GlobalSection(SolutionConfigurationPlatforms) = preSolution
		Debug|Any CPU = Debug|Any CPU
		Release|Any CPU = Release|Any CPU
	EndGlobalSection
	GlobalSection(ProjectConfigurationPlatforms) = postSolution
		{ED77F3EC-24D1-42FD-8E50-641D1BFA930E}.Debug|Any CPU.ActiveCfg = Debug|Any CPU
		{ED77F3EC-24D1-42FD-8E50-641D1BFA930E}.Debug|Any CPU.Build.0 = Debug|Any CPU
		{ED77F3EC-24D1-42FD-8E50-641D1BFA930E}.Release|Any CPU.ActiveCfg = Release|Any CPU
		{ED77F3EC-24D1-42FD-8E50-641D1BFA930E}.Release|Any CPU.Build.0 = Release|Any CPU
	EndGlobalSection
	GlobalSection(SolutionProperties) = preSolution
		HideSolutionNode = FALSE
	EndGlobalSection
	GlobalSection(ExtensibilityGlobals) = postSolution
		SolutionGuid = {FFBC4FA1-A72C-4C7D-BC3D-313A1987348E}
	EndGlobalSection
EndGlobal
